{
  "meteor": {
    "git": "https://github.com/meteor/meteor.git",
    "branch": "master",
    "commit": "9bb2b5447e845c4f483df5e9b42a2c1de5ab909b"
  },
  "dependencies": {
    "basePackages": {
      "zurb-foundation": {
        "path": ""
      }
    },
    "packages": {
      "zurb-foundation": {
        "path": ""
      }
    }
  }
}
